
Microsoft Visual Studio Solution File, Format Version 12.00
# Visual Studio Version 16
VisualStudioVersion = 16.0.29306.81
MinimumVisualStudioVersion = 10.0.40219.1
Project("{FAE04EC0-301F-11D3-BF4B-00C04F79EFBC}") = "ProjLivrosLista", "ProjLivrosLista\ProjLivrosLista.csproj", "{AE5725A1-59A7-41CF-99FF-6BD9DB46F9ED}"
EndProject
Global
	GlobalSection(SolutionConfigurationPlatforms) = preSolution
		Debug|Any CPU = Debug|Any CPU
		Release|Any CPU = Release|Any CPU
	EndGlobalSection
	GlobalSection(ProjectConfigurationPlatforms) = postSolution
		{AE5725A1-59A7-41CF-99FF-6BD9DB46F9ED}.Debug|Any CPU.ActiveCfg = Debug|Any CPU
		{AE5725A1-59A7-41CF-99FF-6BD9DB46F9ED}.Debug|Any CPU.Build.0 = Debug|Any CPU
		{AE5725A1-59A7-41CF-99FF-6BD9DB46F9ED}.Release|Any CPU.ActiveCfg = Release|Any CPU
		{AE5725A1-59A7-41CF-99FF-6BD9DB46F9ED}.Release|Any CPU.Build.0 = Release|Any CPU
	EndGlobalSection
	GlobalSection(SolutionProperties) = preSolution
		HideSolutionNode = FALSE
	EndGlobalSection
	GlobalSection(ExtensibilityGlobals) = postSolution
		SolutionGuid = {3B76EEA8-624F-4CDD-AED1-8A95BEB90585}
	EndGlobalSection
EndGlobal
